
Microsoft Visual Studio Solution File, Format Version 12.00
# Visual Studio Version 17
VisualStudioVersion = 17.5.33424.131
MinimumVisualStudioVersion = 10.0.40219.1
Project("{8BC9CEB8-8B4A-11D0-8D11-00A0C91BC942}") = "OS13_HTCOM", "OS13_HTCOM\OS13_HTCOM.vcxproj", "{B92DC461-02F1-4243-B939-A5BB1D1B6CCA}"
EndProject
Project("{8BC9CEB8-8B4A-11D0-8D11-00A0C91BC942}") = "OS13_HTCOM_LIB", "OS13_HTCOM_LIB\OS13_HTCOM_LIB.vcxproj", "{44E0E213-5B98-4684-9B1B-980FBCA6F854}"
EndProject
Project("{8BC9CEB8-8B4A-11D0-8D11-00A0C91BC942}") = "OS13_CREATE", "OS13_CREATE\OS13_CREATE.vcxproj", "{8FD269D9-4527-4363-A037-A0FBC7E6AD80}"
EndProject
Project("{8BC9CEB8-8B4A-11D0-8D11-00A0C91BC942}") = "OS13_START", "OS13_START\OS13_START.vcxproj", "{B7E2E4A7-70E9-4D38-BF34-B5C649828A11}"
EndProject
Project("{8BC9CEB8-8B4A-11D0-8D11-00A0C91BC942}") = "OS13_STOP", "OS13_STOP\OS13_STOP.vcxproj", "{28C7338B-2DC5-4783-9117-08DAB09E814F}"
EndProject
Project("{8BC9CEB8-8B4A-11D0-8D11-00A0C91BC942}") = "OS_0402", "OS_0402\OS_0402.vcxproj", "{1F48868F-6ADF-4690-9DC0-FCB1EA6AA34F}"
EndProject
Project("{8BC9CEB8-8B4A-11D0-8D11-00A0C91BC942}") = "OS_0403", "OS_0403\OS_0403.vcxproj", "{F14814BA-548B-47E9-B014-B5B78C8F2066}"
EndProject
Project("{8BC9CEB8-8B4A-11D0-8D11-00A0C91BC942}") = "OS_0404", "OS_0404\OS_0404.vcxproj", "{460B9010-B24B-44C7-B195-92E8A108E3B0}"
EndProject
Global
	GlobalSection(SolutionConfigurationPlatforms) = preSolution
		Debug|x64 = Debug|x64
		Debug|x86 = Debug|x86
		Release|x64 = Release|x64
		Release|x86 = Release|x86
	EndGlobalSection
	GlobalSection(ProjectConfigurationPlatforms) = postSolution
		{B92DC461-02F1-4243-B939-A5BB1D1B6CCA}.Debug|x64.ActiveCfg = Debug|x64
		{B92DC461-02F1-4243-B939-A5BB1D1B6CCA}.Debug|x64.Build.0 = Debug|x64
		{B92DC461-02F1-4243-B939-A5BB1D1B6CCA}.Debug|x86.ActiveCfg = Debug|Win32
		{B92DC461-02F1-4243-B939-A5BB1D1B6CCA}.Debug|x86.Build.0 = Debug|Win32
		{B92DC461-02F1-4243-B939-A5BB1D1B6CCA}.Release|x64.ActiveCfg = Release|x64
		{B92DC461-02F1-4243-B939-A5BB1D1B6CCA}.Release|x64.Build.0 = Release|x64
		{B92DC461-02F1-4243-B939-A5BB1D1B6CCA}.Release|x86.ActiveCfg = Release|Win32
		{B92DC461-02F1-4243-B939-A5BB1D1B6CCA}.Release|x86.Build.0 = Release|Win32
		{44E0E213-5B98-4684-9B1B-980FBCA6F854}.Debug|x64.ActiveCfg = Debug|x64
		{44E0E213-5B98-4684-9B1B-980FBCA6F854}.Debug|x64.Build.0 = Debug|x64
		{44E0E213-5B98-4684-9B1B-980FBCA6F854}.Debug|x86.ActiveCfg = Debug|Win32
		{44E0E213-5B98-4684-9B1B-980FBCA6F854}.Debug|x86.Build.0 = Debug|Win32
		{44E0E213-5B98-4684-9B1B-980FBCA6F854}.Release|x64.ActiveCfg = Release|x64
		{44E0E213-5B98-4684-9B1B-980FBCA6F854}.Release|x64.Build.0 = Release|x64
		{44E0E213-5B98-4684-9B1B-980FBCA6F854}.Release|x86.ActiveCfg = Release|Win32
		{44E0E213-5B98-4684-9B1B-980FBCA6F854}.Release|x86.Build.0 = Release|Win32
		{8FD269D9-4527-4363-A037-A0FBC7E6AD80}.Debug|x64.ActiveCfg = Debug|x64
		{8FD269D9-4527-4363-A037-A0FBC7E6AD80}.Debug|x64.Build.0 = Debug|x64
		{8FD269D9-4527-4363-A037-A0FBC7E6AD80}.Debug|x86.ActiveCfg = Debug|Win32
		{8FD269D9-4527-4363-A037-A0FBC7E6AD80}.Debug|x86.Build.0 = Debug|Win32
		{8FD269D9-4527-4363-A037-A0FBC7E6AD80}.Release|x64.ActiveCfg = Release|x64
		{8FD269D9-4527-4363-A037-A0FBC7E6AD80}.Release|x64.Build.0 = Release|x64
		{8FD269D9-4527-4363-A037-A0FBC7E6AD80}.Release|x86.ActiveCfg = Release|Win32
		{8FD269D9-4527-4363-A037-A0FBC7E6AD80}.Release|x86.Build.0 = Release|Win32
		{B7E2E4A7-70E9-4D38-BF34-B5C649828A11}.Debug|x64.ActiveCfg = Debug|x64
		{B7E2E4A7-70E9-4D38-BF34-B5C649828A11}.Debug|x64.Build.0 = Debug|x64
		{B7E2E4A7-70E9-4D38-BF34-B5C649828A11}.Debug|x86.ActiveCfg = Debug|Win32
		{B7E2E4A7-70E9-4D38-BF34-B5C649828A11}.Debug|x86.Build.0 = Debug|Win32
		{B7E2E4A7-70E9-4D38-BF34-B5C649828A11}.Release|x64.ActiveCfg = Release|x64
		{B7E2E4A7-70E9-4D38-BF34-B5C649828A11}.Release|x64.Build.0 = Release|x64
		{B7E2E4A7-70E9-4D38-BF34-B5C649828A11}.Release|x86.ActiveCfg = Release|Win32
		{B7E2E4A7-70E9-4D38-BF34-B5C649828A11}.Release|x86.Build.0 = Release|Win32
		{28C7338B-2DC5-4783-9117-08DAB09E814F}.Debug|x64.ActiveCfg = Debug|x64
		{28C7338B-2DC5-4783-9117-08DAB09E814F}.Debug|x64.Build.0 = Debug|x64
		{28C7338B-2DC5-4783-9117-08DAB09E814F}.Debug|x86.ActiveCfg = Debug|Win32
		{28C7338B-2DC5-4783-9117-08DAB09E814F}.Debug|x86.Build.0 = Debug|Win32
		{28C7338B-2DC5-4783-9117-08DAB09E814F}.Release|x64.ActiveCfg = Release|x64
		{28C7338B-2DC5-4783-9117-08DAB09E814F}.Release|x64.Build.0 = Release|x64
		{28C7338B-2DC5-4783-9117-08DAB09E814F}.Release|x86.ActiveCfg = Release|Win32
		{28C7338B-2DC5-4783-9117-08DAB09E814F}.Release|x86.Build.0 = Release|Win32
		{1F48868F-6ADF-4690-9DC0-FCB1EA6AA34F}.Debug|x64.ActiveCfg = Debug|x64
		{1F48868F-6ADF-4690-9DC0-FCB1EA6AA34F}.Debug|x64.Build.0 = Debug|x64
		{1F48868F-6ADF-4690-9DC0-FCB1EA6AA34F}.Debug|x86.ActiveCfg = Debug|Win32
		{1F48868F-6ADF-4690-9DC0-FCB1EA6AA34F}.Debug|x86.Build.0 = Debug|Win32
		{1F48868F-6ADF-4690-9DC0-FCB1EA6AA34F}.Release|x64.ActiveCfg = Release|x64
		{1F48868F-6ADF-4690-9DC0-FCB1EA6AA34F}.Release|x64.Build.0 = Release|x64
		{1F48868F-6ADF-4690-9DC0-FCB1EA6AA34F}.Release|x86.ActiveCfg = Release|Win32
		{1F48868F-6ADF-4690-9DC0-FCB1EA6AA34F}.Release|x86.Build.0 = Release|Win32
		{F14814BA-548B-47E9-B014-B5B78C8F2066}.Debug|x64.ActiveCfg = Debug|x64
		{F14814BA-548B-47E9-B014-B5B78C8F2066}.Debug|x64.Build.0 = Debug|x64
		{F14814BA-548B-47E9-B014-B5B78C8F2066}.Debug|x86.ActiveCfg = Debug|Win32
		{F14814BA-548B-47E9-B014-B5B78C8F2066}.Debug|x86.Build.0 = Debug|Win32
		{F14814BA-548B-47E9-B014-B5B78C8F2066}.Release|x64.ActiveCfg = Release|x64
		{F14814BA-548B-47E9-B014-B5B78C8F2066}.Release|x64.Build.0 = Release|x64
		{F14814BA-548B-47E9-B014-B5B78C8F2066}.Release|x86.ActiveCfg = Release|Win32
		{F14814BA-548B-47E9-B014-B5B78C8F2066}.Release|x86.Build.0 = Release|Win32
		{460B9010-B24B-44C7-B195-92E8A108E3B0}.Debug|x64.ActiveCfg = Debug|x64
		{460B9010-B24B-44C7-B195-92E8A108E3B0}.Debug|x64.Build.0 = Debug|x64
		{460B9010-B24B-44C7-B195-92E8A108E3B0}.Debug|x86.ActiveCfg = Debug|Win32
		{460B9010-B24B-44C7-B195-92E8A108E3B0}.Debug|x86.Build.0 = Debug|Win32
		{460B9010-B24B-44C7-B195-92E8A108E3B0}.Release|x64.ActiveCfg = Release|x64
		{460B9010-B24B-44C7-B195-92E8A108E3B0}.Release|x64.Build.0 = Release|x64
		{460B9010-B24B-44C7-B195-92E8A108E3B0}.Release|x86.ActiveCfg = Release|Win32
		{460B9010-B24B-44C7-B195-92E8A108E3B0}.Release|x86.Build.0 = Release|Win32
	EndGlobalSection
	GlobalSection(SolutionProperties) = preSolution
		HideSolutionNode = FALSE
	EndGlobalSection
	GlobalSection(ExtensibilityGlobals) = postSolution
		SolutionGuid = {CE1E8BDA-073C-414A-AA69-6BE571492EA7}
	EndGlobalSection
EndGlobal
