
Microsoft Visual Studio Solution File, Format Version 12.00
# Visual Studio Version 17
VisualStudioVersion = 17.5.33424.131
MinimumVisualStudioVersion = 10.0.40219.1
Project("{8BC9CEB8-8B4A-11D0-8D11-00A0C91BC942}") = "OS11_HTAPI", "OS11_HTAPI\OS11_HTAPI.vcxproj", "{28FD4E5F-DB86-45A9-882B-E3E17C92FF9D}"
EndProject
Project("{8BC9CEB8-8B4A-11D0-8D11-00A0C91BC942}") = "OS11_02", "OS11_02\OS11_02.vcxproj", "{1B7300A5-7ED7-493F-8565-24F7D2C5E9D9}"
EndProject
Project("{8BC9CEB8-8B4A-11D0-8D11-00A0C91BC942}") = "OS11_CREATE", "OS11_CREATE\OS11_CREATE.vcxproj", "{AB3859A3-29ED-47BA-BCA6-BCC5A5661D9E}"
EndProject
Project("{8BC9CEB8-8B4A-11D0-8D11-00A0C91BC942}") = "OS11_START", "OS11_START\OS11_START.vcxproj", "{FA3A7574-2F0D-4120-A86F-8ADF1D3D701C}"
EndProject
Project("{8BC9CEB8-8B4A-11D0-8D11-00A0C91BC942}") = "OS11_03", "OS11_03\OS11_03.vcxproj", "{A031A256-BA91-46B7-AE64-A2F96257EDE1}"
EndProject
Project("{8BC9CEB8-8B4A-11D0-8D11-00A0C91BC942}") = "OS11_04", "OS11_04\OS11_04.vcxproj", "{16A74602-7081-4E54-A504-C2963FDB9B88}"
EndProject
Global
	GlobalSection(SolutionConfigurationPlatforms) = preSolution
		Debug|x64 = Debug|x64
		Debug|x86 = Debug|x86
		Release|x64 = Release|x64
		Release|x86 = Release|x86
	EndGlobalSection
	GlobalSection(ProjectConfigurationPlatforms) = postSolution
		{28FD4E5F-DB86-45A9-882B-E3E17C92FF9D}.Debug|x64.ActiveCfg = Debug|x64
		{28FD4E5F-DB86-45A9-882B-E3E17C92FF9D}.Debug|x64.Build.0 = Debug|x64
		{28FD4E5F-DB86-45A9-882B-E3E17C92FF9D}.Debug|x86.ActiveCfg = Debug|Win32
		{28FD4E5F-DB86-45A9-882B-E3E17C92FF9D}.Debug|x86.Build.0 = Debug|Win32
		{28FD4E5F-DB86-45A9-882B-E3E17C92FF9D}.Release|x64.ActiveCfg = Release|x64
		{28FD4E5F-DB86-45A9-882B-E3E17C92FF9D}.Release|x64.Build.0 = Release|x64
		{28FD4E5F-DB86-45A9-882B-E3E17C92FF9D}.Release|x86.ActiveCfg = Release|Win32
		{28FD4E5F-DB86-45A9-882B-E3E17C92FF9D}.Release|x86.Build.0 = Release|Win32
		{1B7300A5-7ED7-493F-8565-24F7D2C5E9D9}.Debug|x64.ActiveCfg = Debug|x64
		{1B7300A5-7ED7-493F-8565-24F7D2C5E9D9}.Debug|x64.Build.0 = Debug|x64
		{1B7300A5-7ED7-493F-8565-24F7D2C5E9D9}.Debug|x86.ActiveCfg = Debug|Win32
		{1B7300A5-7ED7-493F-8565-24F7D2C5E9D9}.Debug|x86.Build.0 = Debug|Win32
		{1B7300A5-7ED7-493F-8565-24F7D2C5E9D9}.Release|x64.ActiveCfg = Release|x64
		{1B7300A5-7ED7-493F-8565-24F7D2C5E9D9}.Release|x64.Build.0 = Release|x64
		{1B7300A5-7ED7-493F-8565-24F7D2C5E9D9}.Release|x86.ActiveCfg = Release|Win32
		{1B7300A5-7ED7-493F-8565-24F7D2C5E9D9}.Release|x86.Build.0 = Release|Win32
		{AB3859A3-29ED-47BA-BCA6-BCC5A5661D9E}.Debug|x64.ActiveCfg = Debug|x64
		{AB3859A3-29ED-47BA-BCA6-BCC5A5661D9E}.Debug|x64.Build.0 = Debug|x64
		{AB3859A3-29ED-47BA-BCA6-BCC5A5661D9E}.Debug|x86.ActiveCfg = Debug|Win32
		{AB3859A3-29ED-47BA-BCA6-BCC5A5661D9E}.Debug|x86.Build.0 = Debug|Win32
		{AB3859A3-29ED-47BA-BCA6-BCC5A5661D9E}.Release|x64.ActiveCfg = Release|x64
		{AB3859A3-29ED-47BA-BCA6-BCC5A5661D9E}.Release|x64.Build.0 = Release|x64
		{AB3859A3-29ED-47BA-BCA6-BCC5A5661D9E}.Release|x86.ActiveCfg = Release|Win32
		{AB3859A3-29ED-47BA-BCA6-BCC5A5661D9E}.Release|x86.Build.0 = Release|Win32
		{FA3A7574-2F0D-4120-A86F-8ADF1D3D701C}.Debug|x64.ActiveCfg = Debug|x64
		{FA3A7574-2F0D-4120-A86F-8ADF1D3D701C}.Debug|x64.Build.0 = Debug|x64
		{FA3A7574-2F0D-4120-A86F-8ADF1D3D701C}.Debug|x86.ActiveCfg = Debug|Win32
		{FA3A7574-2F0D-4120-A86F-8ADF1D3D701C}.Debug|x86.Build.0 = Debug|Win32
		{FA3A7574-2F0D-4120-A86F-8ADF1D3D701C}.Release|x64.ActiveCfg = Release|x64
		{FA3A7574-2F0D-4120-A86F-8ADF1D3D701C}.Release|x64.Build.0 = Release|x64
		{FA3A7574-2F0D-4120-A86F-8ADF1D3D701C}.Release|x86.ActiveCfg = Release|Win32
		{FA3A7574-2F0D-4120-A86F-8ADF1D3D701C}.Release|x86.Build.0 = Release|Win32
		{A031A256-BA91-46B7-AE64-A2F96257EDE1}.Debug|x64.ActiveCfg = Debug|x64
		{A031A256-BA91-46B7-AE64-A2F96257EDE1}.Debug|x64.Build.0 = Debug|x64
		{A031A256-BA91-46B7-AE64-A2F96257EDE1}.Debug|x86.ActiveCfg = Debug|Win32
		{A031A256-BA91-46B7-AE64-A2F96257EDE1}.Debug|x86.Build.0 = Debug|Win32
		{A031A256-BA91-46B7-AE64-A2F96257EDE1}.Release|x64.ActiveCfg = Release|x64
		{A031A256-BA91-46B7-AE64-A2F96257EDE1}.Release|x64.Build.0 = Release|x64
		{A031A256-BA91-46B7-AE64-A2F96257EDE1}.Release|x86.ActiveCfg = Release|Win32
		{A031A256-BA91-46B7-AE64-A2F96257EDE1}.Release|x86.Build.0 = Release|Win32
		{16A74602-7081-4E54-A504-C2963FDB9B88}.Debug|x64.ActiveCfg = Debug|x64
		{16A74602-7081-4E54-A504-C2963FDB9B88}.Debug|x64.Build.0 = Debug|x64
		{16A74602-7081-4E54-A504-C2963FDB9B88}.Debug|x86.ActiveCfg = Debug|Win32
		{16A74602-7081-4E54-A504-C2963FDB9B88}.Debug|x86.Build.0 = Debug|Win32
		{16A74602-7081-4E54-A504-C2963FDB9B88}.Release|x64.ActiveCfg = Release|x64
		{16A74602-7081-4E54-A504-C2963FDB9B88}.Release|x64.Build.0 = Release|x64
		{16A74602-7081-4E54-A504-C2963FDB9B88}.Release|x86.ActiveCfg = Release|Win32
		{16A74602-7081-4E54-A504-C2963FDB9B88}.Release|x86.Build.0 = Release|Win32
	EndGlobalSection
	GlobalSection(SolutionProperties) = preSolution
		HideSolutionNode = FALSE
	EndGlobalSection
	GlobalSection(ExtensibilityGlobals) = postSolution
		SolutionGuid = {A4EB5E97-767D-4616-91AC-47A9C97A1130}
	EndGlobalSection
EndGlobal
